
Microsoft Visual Studio Solution File, Format Version 12.00
# Visual Studio Version 17
VisualStudioVersion = 17.2.32616.157
MinimumVisualStudioVersion = 10.0.40219.1
Project("{9A19103F-16F7-4668-BE54-9A1E7A4F7556}") = "UI_DSM.Server", "UI_DSM.Server\UI_DSM.Server.csproj", "{37A2CFF0-1411-4FC5-A5DF-CFD70A8C9A1B}"
EndProject
Project("{9A19103F-16F7-4668-BE54-9A1E7A4F7556}") = "UI_DSM.Client", "UI_DSM.Client\UI_DSM.Client.csproj", "{46288E57-9640-4253-842D-8D29C38C2D70}"
EndProject
Project("{9A19103F-16F7-4668-BE54-9A1E7A4F7556}") = "UI_DSM.Shared", "UI_DSM.Shared\UI_DSM.Shared.csproj", "{04C4CCD2-1CE6-4A64-B5AF-B8350771BF24}"
EndProject
Project("{9A19103F-16F7-4668-BE54-9A1E7A4F7556}") = "UI_DSM.Client.Tests", "UI_DSM.Client.Tests\UI_DSM.Client.Tests.csproj", "{62B83228-C9B4-4C95-A615-0BDE7A8AAEA5}"
EndProject
Project("{9A19103F-16F7-4668-BE54-9A1E7A4F7556}") = "UI_DSM.Server.Tests", "UI_DSM.Server.Tests\UI_DSM.Server.Tests.csproj", "{7459B297-AA18-480B-86E1-72A80A249B6C}"
EndProject
Global
	GlobalSection(SolutionConfigurationPlatforms) = preSolution
		Debug|Any CPU = Debug|Any CPU
		Release|Any CPU = Release|Any CPU
	EndGlobalSection
	GlobalSection(ProjectConfigurationPlatforms) = postSolution
		{37A2CFF0-1411-4FC5-A5DF-CFD70A8C9A1B}.Debug|Any CPU.ActiveCfg = Debug|Any CPU
		{37A2CFF0-1411-4FC5-A5DF-CFD70A8C9A1B}.Debug|Any CPU.Build.0 = Debug|Any CPU
		{37A2CFF0-1411-4FC5-A5DF-CFD70A8C9A1B}.Release|Any CPU.ActiveCfg = Release|Any CPU
		{37A2CFF0-1411-4FC5-A5DF-CFD70A8C9A1B}.Release|Any CPU.Build.0 = Release|Any CPU
		{46288E57-9640-4253-842D-8D29C38C2D70}.Debug|Any CPU.ActiveCfg = Debug|Any CPU
		{46288E57-9640-4253-842D-8D29C38C2D70}.Debug|Any CPU.Build.0 = Debug|Any CPU
		{46288E57-9640-4253-842D-8D29C38C2D70}.Release|Any CPU.ActiveCfg = Release|Any CPU
		{46288E57-9640-4253-842D-8D29C38C2D70}.Release|Any CPU.Build.0 = Release|Any CPU
		{04C4CCD2-1CE6-4A64-B5AF-B8350771BF24}.Debug|Any CPU.ActiveCfg = Debug|Any CPU
		{04C4CCD2-1CE6-4A64-B5AF-B8350771BF24}.Debug|Any CPU.Build.0 = Debug|Any CPU
		{04C4CCD2-1CE6-4A64-B5AF-B8350771BF24}.Release|Any CPU.ActiveCfg = Release|Any CPU
		{04C4CCD2-1CE6-4A64-B5AF-B8350771BF24}.Release|Any CPU.Build.0 = Release|Any CPU
		{62B83228-C9B4-4C95-A615-0BDE7A8AAEA5}.Debug|Any CPU.ActiveCfg = Debug|Any CPU
		{62B83228-C9B4-4C95-A615-0BDE7A8AAEA5}.Debug|Any CPU.Build.0 = Debug|Any CPU
		{62B83228-C9B4-4C95-A615-0BDE7A8AAEA5}.Release|Any CPU.ActiveCfg = Release|Any CPU
		{62B83228-C9B4-4C95-A615-0BDE7A8AAEA5}.Release|Any CPU.Build.0 = Release|Any CPU
		{7459B297-AA18-480B-86E1-72A80A249B6C}.Debug|Any CPU.ActiveCfg = Debug|Any CPU
		{7459B297-AA18-480B-86E1-72A80A249B6C}.Debug|Any CPU.Build.0 = Debug|Any CPU
		{7459B297-AA18-480B-86E1-72A80A249B6C}.Release|Any CPU.ActiveCfg = Release|Any CPU
		{7459B297-AA18-480B-86E1-72A80A249B6C}.Release|Any CPU.Build.0 = Release|Any CPU
	EndGlobalSection
	GlobalSection(SolutionProperties) = preSolution
		HideSolutionNode = FALSE
	EndGlobalSection
	GlobalSection(ExtensibilityGlobals) = postSolution
		SolutionGuid = {79B46BCA-5A96-4992-8F5D-53D040102953}
	EndGlobalSection
EndGlobal
